
Microsoft Visual Studio Solution File, Format Version 12.00
# Visual Studio 14
VisualStudioVersion = 14.0.25420.1
MinimumVisualStudioVersion = 10.0.40219.1
Project("{FAE04EC0-301F-11D3-BF4B-00C04F79EFBC}") = "Movies", "Movies\Movies\Movies.csproj", "{114E9183-DFC6-4358-B478-5A8E9D3244CC}"
EndProject
Project("{FAE04EC0-301F-11D3-BF4B-00C04F79EFBC}") = "Movies.Droid", "Movies\Movies.Droid\Movies.Droid.csproj", "{20442104-F479-498B-8364-CDA3C07D288E}"
EndProject
Project("{FAE04EC0-301F-11D3-BF4B-00C04F79EFBC}") = "Movies.iOS", "Movies\Movies.iOS\Movies.iOS.csproj", "{3DAAA348-0CCF-46EC-A7BB-E30D41708024}"
EndProject
Global
	GlobalSection(SolutionConfigurationPlatforms) = preSolution
		Ad-Hoc|Any CPU = Ad-Hoc|Any CPU
		Ad-Hoc|iPhone = Ad-Hoc|iPhone
		Ad-Hoc|iPhoneSimulator = Ad-Hoc|iPhoneSimulator
		AppStore|Any CPU = AppStore|Any CPU
		AppStore|iPhone = AppStore|iPhone
		AppStore|iPhoneSimulator = AppStore|iPhoneSimulator
		Debug|Any CPU = Debug|Any CPU
		Debug|iPhone = Debug|iPhone
		Debug|iPhoneSimulator = Debug|iPhoneSimulator
		Release|Any CPU = Release|Any CPU
		Release|iPhone = Release|iPhone
		Release|iPhoneSimulator = Release|iPhoneSimulator
	EndGlobalSection
	GlobalSection(ProjectConfigurationPlatforms) = postSolution
		{114E9183-DFC6-4358-B478-5A8E9D3244CC}.Ad-Hoc|Any CPU.ActiveCfg = Release|Any CPU
		{114E9183-DFC6-4358-B478-5A8E9D3244CC}.Ad-Hoc|Any CPU.Build.0 = Release|Any CPU
		{114E9183-DFC6-4358-B478-5A8E9D3244CC}.Ad-Hoc|iPhone.ActiveCfg = Release|Any CPU
		{114E9183-DFC6-4358-B478-5A8E9D3244CC}.Ad-Hoc|iPhone.Build.0 = Release|Any CPU
		{114E9183-DFC6-4358-B478-5A8E9D3244CC}.Ad-Hoc|iPhoneSimulator.ActiveCfg = Release|Any CPU
		{114E9183-DFC6-4358-B478-5A8E9D3244CC}.Ad-Hoc|iPhoneSimulator.Build.0 = Release|Any CPU
		{114E9183-DFC6-4358-B478-5A8E9D3244CC}.AppStore|Any CPU.ActiveCfg = Release|Any CPU
		{114E9183-DFC6-4358-B478-5A8E9D3244CC}.AppStore|Any CPU.Build.0 = Release|Any CPU
		{114E9183-DFC6-4358-B478-5A8E9D3244CC}.AppStore|iPhone.ActiveCfg = Release|Any CPU
		{114E9183-DFC6-4358-B478-5A8E9D3244CC}.AppStore|iPhone.Build.0 = Release|Any CPU
		{114E9183-DFC6-4358-B478-5A8E9D3244CC}.AppStore|iPhoneSimulator.ActiveCfg = Release|Any CPU
		{114E9183-DFC6-4358-B478-5A8E9D3244CC}.AppStore|iPhoneSimulator.Build.0 = Release|Any CPU
		{114E9183-DFC6-4358-B478-5A8E9D3244CC}.Debug|Any CPU.ActiveCfg = Debug|Any CPU
		{114E9183-DFC6-4358-B478-5A8E9D3244CC}.Debug|Any CPU.Build.0 = Debug|Any CPU
		{114E9183-DFC6-4358-B478-5A8E9D3244CC}.Debug|iPhone.ActiveCfg = Debug|Any CPU
		{114E9183-DFC6-4358-B478-5A8E9D3244CC}.Debug|iPhone.Build.0 = Debug|Any CPU
		{114E9183-DFC6-4358-B478-5A8E9D3244CC}.Debug|iPhoneSimulator.ActiveCfg = Debug|Any CPU
		{114E9183-DFC6-4358-B478-5A8E9D3244CC}.Debug|iPhoneSimulator.Build.0 = Debug|Any CPU
		{114E9183-DFC6-4358-B478-5A8E9D3244CC}.Release|Any CPU.ActiveCfg = Release|Any CPU
		{114E9183-DFC6-4358-B478-5A8E9D3244CC}.Release|Any CPU.Build.0 = Release|Any CPU
		{114E9183-DFC6-4358-B478-5A8E9D3244CC}.Release|iPhone.ActiveCfg = Release|Any CPU
		{114E9183-DFC6-4358-B478-5A8E9D3244CC}.Release|iPhone.Build.0 = Release|Any CPU
		{114E9183-DFC6-4358-B478-5A8E9D3244CC}.Release|iPhoneSimulator.ActiveCfg = Release|Any CPU
		{114E9183-DFC6-4358-B478-5A8E9D3244CC}.Release|iPhoneSimulator.Build.0 = Release|Any CPU
		{20442104-F479-498B-8364-CDA3C07D288E}.Ad-Hoc|Any CPU.ActiveCfg = Release|Any CPU
		{20442104-F479-498B-8364-CDA3C07D288E}.Ad-Hoc|Any CPU.Build.0 = Release|Any CPU
		{20442104-F479-498B-8364-CDA3C07D288E}.Ad-Hoc|Any CPU.Deploy.0 = Release|Any CPU
		{20442104-F479-498B-8364-CDA3C07D288E}.Ad-Hoc|iPhone.ActiveCfg = Release|Any CPU
		{20442104-F479-498B-8364-CDA3C07D288E}.Ad-Hoc|iPhone.Build.0 = Release|Any CPU
		{20442104-F479-498B-8364-CDA3C07D288E}.Ad-Hoc|iPhone.Deploy.0 = Release|Any CPU
		{20442104-F479-498B-8364-CDA3C07D288E}.Ad-Hoc|iPhoneSimulator.ActiveCfg = Release|Any CPU
		{20442104-F479-498B-8364-CDA3C07D288E}.Ad-Hoc|iPhoneSimulator.Build.0 = Release|Any CPU
		{20442104-F479-498B-8364-CDA3C07D288E}.Ad-Hoc|iPhoneSimulator.Deploy.0 = Release|Any CPU
		{20442104-F479-498B-8364-CDA3C07D288E}.AppStore|Any CPU.ActiveCfg = Release|Any CPU
		{20442104-F479-498B-8364-CDA3C07D288E}.AppStore|Any CPU.Build.0 = Release|Any CPU
		{20442104-F479-498B-8364-CDA3C07D288E}.AppStore|Any CPU.Deploy.0 = Release|Any CPU
		{20442104-F479-498B-8364-CDA3C07D288E}.AppStore|iPhone.ActiveCfg = Release|Any CPU
		{20442104-F479-498B-8364-CDA3C07D288E}.AppStore|iPhone.Build.0 = Release|Any CPU
		{20442104-F479-498B-8364-CDA3C07D288E}.AppStore|iPhone.Deploy.0 = Release|Any CPU
		{20442104-F479-498B-8364-CDA3C07D288E}.AppStore|iPhoneSimulator.ActiveCfg = Release|Any CPU
		{20442104-F479-498B-8364-CDA3C07D288E}.AppStore|iPhoneSimulator.Build.0 = Release|Any CPU
		{20442104-F479-498B-8364-CDA3C07D288E}.AppStore|iPhoneSimulator.Deploy.0 = Release|Any CPU
		{20442104-F479-498B-8364-CDA3C07D288E}.Debug|Any CPU.ActiveCfg = Debug|Any CPU
		{20442104-F479-498B-8364-CDA3C07D288E}.Debug|Any CPU.Build.0 = Debug|Any CPU
		{20442104-F479-498B-8364-CDA3C07D288E}.Debug|Any CPU.Deploy.0 = Debug|Any CPU
		{20442104-F479-498B-8364-CDA3C07D288E}.Debug|iPhone.ActiveCfg = Debug|Any CPU
		{20442104-F479-498B-8364-CDA3C07D288E}.Debug|iPhone.Build.0 = Debug|Any CPU
		{20442104-F479-498B-8364-CDA3C07D288E}.Debug|iPhone.Deploy.0 = Debug|Any CPU
		{20442104-F479-498B-8364-CDA3C07D288E}.Debug|iPhoneSimulator.ActiveCfg = Debug|Any CPU
		{20442104-F479-498B-8364-CDA3C07D288E}.Debug|iPhoneSimulator.Build.0 = Debug|Any CPU
		{20442104-F479-498B-8364-CDA3C07D288E}.Debug|iPhoneSimulator.Deploy.0 = Debug|Any CPU
		{20442104-F479-498B-8364-CDA3C07D288E}.Release|Any CPU.ActiveCfg = Release|Any CPU
		{20442104-F479-498B-8364-CDA3C07D288E}.Release|Any CPU.Build.0 = Release|Any CPU
		{20442104-F479-498B-8364-CDA3C07D288E}.Release|Any CPU.Deploy.0 = Release|Any CPU
		{20442104-F479-498B-8364-CDA3C07D288E}.Release|iPhone.ActiveCfg = Release|Any CPU
		{20442104-F479-498B-8364-CDA3C07D288E}.Release|iPhone.Build.0 = Release|Any CPU
		{20442104-F479-498B-8364-CDA3C07D288E}.Release|iPhone.Deploy.0 = Release|Any CPU
		{20442104-F479-498B-8364-CDA3C07D288E}.Release|iPhoneSimulator.ActiveCfg = Release|Any CPU
		{20442104-F479-498B-8364-CDA3C07D288E}.Release|iPhoneSimulator.Build.0 = Release|Any CPU
		{20442104-F479-498B-8364-CDA3C07D288E}.Release|iPhoneSimulator.Deploy.0 = Release|Any CPU
		{3DAAA348-0CCF-46EC-A7BB-E30D41708024}.Ad-Hoc|Any CPU.ActiveCfg = Ad-Hoc|iPhone
		{3DAAA348-0CCF-46EC-A7BB-E30D41708024}.Ad-Hoc|iPhone.ActiveCfg = Ad-Hoc|iPhone
		{3DAAA348-0CCF-46EC-A7BB-E30D41708024}.Ad-Hoc|iPhone.Build.0 = Ad-Hoc|iPhone
		{3DAAA348-0CCF-46EC-A7BB-E30D41708024}.Ad-Hoc|iPhoneSimulator.ActiveCfg = Ad-Hoc|iPhoneSimulator
		{3DAAA348-0CCF-46EC-A7BB-E30D41708024}.Ad-Hoc|iPhoneSimulator.Build.0 = Ad-Hoc|iPhoneSimulator
		{3DAAA348-0CCF-46EC-A7BB-E30D41708024}.AppStore|Any CPU.ActiveCfg = AppStore|iPhone
		{3DAAA348-0CCF-46EC-A7BB-E30D41708024}.AppStore|iPhone.ActiveCfg = AppStore|iPhone
		{3DAAA348-0CCF-46EC-A7BB-E30D41708024}.AppStore|iPhone.Build.0 = AppStore|iPhone
		{3DAAA348-0CCF-46EC-A7BB-E30D41708024}.AppStore|iPhoneSimulator.ActiveCfg = AppStore|iPhoneSimulator
		{3DAAA348-0CCF-46EC-A7BB-E30D41708024}.AppStore|iPhoneSimulator.Build.0 = AppStore|iPhoneSimulator
		{3DAAA348-0CCF-46EC-A7BB-E30D41708024}.Debug|Any CPU.ActiveCfg = Debug|iPhone
		{3DAAA348-0CCF-46EC-A7BB-E30D41708024}.Debug|iPhone.ActiveCfg = Debug|iPhone
		{3DAAA348-0CCF-46EC-A7BB-E30D41708024}.Debug|iPhone.Build.0 = Debug|iPhone
		{3DAAA348-0CCF-46EC-A7BB-E30D41708024}.Debug|iPhoneSimulator.ActiveCfg = Debug|iPhoneSimulator
		{3DAAA348-0CCF-46EC-A7BB-E30D41708024}.Debug|iPhoneSimulator.Build.0 = Debug|iPhoneSimulator
		{3DAAA348-0CCF-46EC-A7BB-E30D41708024}.Release|Any CPU.ActiveCfg = Release|iPhone
		{3DAAA348-0CCF-46EC-A7BB-E30D41708024}.Release|iPhone.ActiveCfg = Release|iPhone
		{3DAAA348-0CCF-46EC-A7BB-E30D41708024}.Release|iPhone.Build.0 = Release|iPhone
		{3DAAA348-0CCF-46EC-A7BB-E30D41708024}.Release|iPhoneSimulator.ActiveCfg = Release|iPhoneSimulator
		{3DAAA348-0CCF-46EC-A7BB-E30D41708024}.Release|iPhoneSimulator.Build.0 = Release|iPhoneSimulator
	EndGlobalSection
	GlobalSection(SolutionProperties) = preSolution
		HideSolutionNode = FALSE
	EndGlobalSection
EndGlobal
